
Microsoft Visual Studio Solution File, Format Version 12.00
# Visual Studio 2015
Project("{FAE04EC0-301F-11D3-BF4B-00C04F79EFBC}") = "VirtualEducation.CSharp", "VirtualEducation.CSharp.csproj", "{A9154047-0170-8700-7A13-0309CA9BAD3C}"
EndProject
Project("{FAE04EC0-301F-11D3-BF4B-00C04F79EFBC}") = "VirtualEducation.CSharp.Editor", "VirtualEducation.CSharp.Editor.csproj", "{FA1241BE-C1C7-28D7-5760-66974FDD4AD0}"
EndProject
Global
	GlobalSection(SolutionConfigurationPlatforms) = preSolution
		Debug|Any CPU = Debug|Any CPU
		Release|Any CPU = Release|Any CPU
	EndGlobalSection
	GlobalSection(ProjectConfigurationPlatforms) = postSolution
		{A9154047-0170-8700-7A13-0309CA9BAD3C}.Debug|Any CPU.ActiveCfg = Debug|Any CPU
		{A9154047-0170-8700-7A13-0309CA9BAD3C}.Debug|Any CPU.Build.0 = Debug|Any CPU
		{A9154047-0170-8700-7A13-0309CA9BAD3C}.Release|Any CPU.ActiveCfg = Release|Any CPU
		{A9154047-0170-8700-7A13-0309CA9BAD3C}.Release|Any CPU.Build.0 = Release|Any CPU
		{FA1241BE-C1C7-28D7-5760-66974FDD4AD0}.Debug|Any CPU.ActiveCfg = Debug|Any CPU
		{FA1241BE-C1C7-28D7-5760-66974FDD4AD0}.Debug|Any CPU.Build.0 = Debug|Any CPU
		{FA1241BE-C1C7-28D7-5760-66974FDD4AD0}.Release|Any CPU.ActiveCfg = Release|Any CPU
		{FA1241BE-C1C7-28D7-5760-66974FDD4AD0}.Release|Any CPU.Build.0 = Release|Any CPU
	EndGlobalSection
	GlobalSection(SolutionProperties) = preSolution
		HideSolutionNode = FALSE
	EndGlobalSection
EndGlobal
